
Microsoft Visual Studio Solution File, Format Version 9.00
# Visual Studio 2005
Project("{8BC9CEB8-8B4A-11D0-8D11-00A0C91BC942}") = "mvsc", "stardict-mvsc.vcproj", "{A7776EE3-84FC-48A7-87AE-E67CACC3C8E9}"
EndProject
Project("{8BC9CEB8-8B4A-11D0-8D11-00A0C91BC942}") = "texthook", "texthook.vcproj", "{A446E90E-B0A0-428E-A20F-B9BB16AA1081}"
EndProject
Project("{8BC9CEB8-8B4A-11D0-8D11-00A0C91BC942}") = "textoutspy", "textoutspy.vcproj", "{499E55F2-F913-4779-9910-630D76657A8B}"
EndProject
Global
	GlobalSection(SolutionConfigurationPlatforms) = preSolution
		Debug|Win32 = Debug|Win32
		Release|Win32 = Release|Win32
	EndGlobalSection
	GlobalSection(ProjectConfigurationPlatforms) = postSolution
		{A7776EE3-84FC-48A7-87AE-E67CACC3C8E9}.Debug|Win32.ActiveCfg = Debug|Win32
		{A7776EE3-84FC-48A7-87AE-E67CACC3C8E9}.Debug|Win32.Build.0 = Debug|Win32
		{A7776EE3-84FC-48A7-87AE-E67CACC3C8E9}.Release|Win32.ActiveCfg = Release|Win32
		{A7776EE3-84FC-48A7-87AE-E67CACC3C8E9}.Release|Win32.Build.0 = Release|Win32
		{A446E90E-B0A0-428E-A20F-B9BB16AA1081}.Debug|Win32.ActiveCfg = Debug|Win32
		{A446E90E-B0A0-428E-A20F-B9BB16AA1081}.Debug|Win32.Build.0 = Debug|Win32
		{A446E90E-B0A0-428E-A20F-B9BB16AA1081}.Release|Win32.ActiveCfg = Release|Win32
		{A446E90E-B0A0-428E-A20F-B9BB16AA1081}.Release|Win32.Build.0 = Release|Win32
		{499E55F2-F913-4779-9910-630D76657A8B}.Debug|Win32.ActiveCfg = Debug|Win32
		{499E55F2-F913-4779-9910-630D76657A8B}.Debug|Win32.Build.0 = Debug|Win32
		{499E55F2-F913-4779-9910-630D76657A8B}.Release|Win32.ActiveCfg = Release|Win32
		{499E55F2-F913-4779-9910-630D76657A8B}.Release|Win32.Build.0 = Release|Win32
	EndGlobalSection
	GlobalSection(SolutionProperties) = preSolution
		HideSolutionNode = FALSE
	EndGlobalSection
EndGlobal
