Microsoft Visual Studio Solution File, Format Version 8.00
Project("{8BC9CEB8-8B4A-11D0-8D11-00A0C91BC942}") = "wordPick", "wordPick.vcproj", "{92275426-815E-464B-B804-F07CB4863038}"
	ProjectSection(ProjectDependencies) = postProject
	EndProjectSection
EndProject
Global
	GlobalSection(SolutionConfiguration) = preSolution
		Debug = Debug
		Release = Release
	EndGlobalSection
	GlobalSection(ProjectConfiguration) = postSolution
		{92275426-815E-464B-B804-F07CB4863038}.Debug.ActiveCfg = Release|Win32
		{92275426-815E-464B-B804-F07CB4863038}.Debug.Build.0 = Release|Win32
		{92275426-815E-464B-B804-F07CB4863038}.Release.ActiveCfg = Release|Win32
		{92275426-815E-464B-B804-F07CB4863038}.Release.Build.0 = Release|Win32
	EndGlobalSection
	GlobalSection(ExtensibilityGlobals) = postSolution
	EndGlobalSection
	GlobalSection(ExtensibilityAddIns) = postSolution
	EndGlobalSection
EndGlobal
