
Microsoft Visual Studio Solution File, Format Version 10.00
# Visual Studio 2008
Project("{2150E333-8FDC-42A3-9474-1A3956D46DE8}") = "plugins", "plugins", "{6BED5DB9-286D-4835-8513-454598698915}"
EndProject
Project("{2150E333-8FDC-42A3-9474-1A3956D46DE8}") = "tests", "tests", "{BDEC6861-1F59-486B-B5DD-32BE5947D832}"
EndProject
Project("{2150E333-8FDC-42A3-9474-1A3956D46DE8}") = "tools", "tools", "{899724E3-4D0B-4D37-B6D0-78B1CBDB5A02}"
EndProject
Project("{8BC9CEB8-8B4A-11D0-8D11-00A0C91BC942}") = "textouthook", "textouthook.vcproj", "{A446E90E-B0A0-428E-A20F-B9BB16AA1081}"
EndProject
Project("{8BC9CEB8-8B4A-11D0-8D11-00A0C91BC942}") = "textoutspy", "textoutspy.vcproj", "{499E55F2-F913-4779-9910-630D76657A8B}"
EndProject
Project("{8BC9CEB8-8B4A-11D0-8D11-00A0C91BC942}") = "acrobat-wordpick-plugin", "..\src\win32\acrobat\win32\wordPick.vcproj", "{92275426-815E-464B-B804-F07CB4863038}"
EndProject
Project("{8BC9CEB8-8B4A-11D0-8D11-00A0C91BC942}") = "stardict-test-str", "stardict-test-str.vcproj", "{4D1CF3E1-5E34-44C6-8EC4-5E1AF2A121B7}"
	ProjectSection(ProjectDependencies) = postProject
		{9A00DC58-3417-43D9-BE37-8B613CD6F588} = {9A00DC58-3417-43D9-BE37-8B613CD6F588}
	EndProjectSection
EndProject
Project("{8BC9CEB8-8B4A-11D0-8D11-00A0C91BC942}") = "stardict-lib", "stardict-lib.vcproj", "{9A00DC58-3417-43D9-BE37-8B613CD6F588}"
	ProjectSection(ProjectDependencies) = postProject
		{0D4B4FD1-CB47-4704-921B-37C6DD8B9F7A} = {0D4B4FD1-CB47-4704-921B-37C6DD8B9F7A}
	EndProjectSection
EndProject
Project("{8BC9CEB8-8B4A-11D0-8D11-00A0C91BC942}") = "stardict-advertisement-plugin", "stardict-advertisement-plugin.vcproj", "{315C8DBB-63B5-472A-8943-B21ED509CE01}"
EndProject
Project("{8BC9CEB8-8B4A-11D0-8D11-00A0C91BC942}") = "stardict-html-parsedata-plugin", "stardict-html-parsedata-plugin.vcproj", "{42D3AB67-B250-4BAE-B909-4DD550BC74B5}"
EndProject
Project("{8BC9CEB8-8B4A-11D0-8D11-00A0C91BC942}") = "stardict-powerword-parsedata-plugin", "stardict-powerword-parsedata-plugin.vcproj", "{56BCFBD8-EB13-47B4-98DE-387A7F31F11B}"
EndProject
Project("{8BC9CEB8-8B4A-11D0-8D11-00A0C91BC942}") = "stardict-qqwry-plugin", "stardict-qqwry-plugin.vcproj", "{73609C3E-3265-4B12-9B23-36703ECF5577}"
EndProject
Project("{8BC9CEB8-8B4A-11D0-8D11-00A0C91BC942}") = "stardict-sapi-tts-plugin", "stardict-sapi-tts-plugin.vcproj", "{D64728EB-02DD-4B53-8587-5C8BD81024A3}"
EndProject
Project("{8BC9CEB8-8B4A-11D0-8D11-00A0C91BC942}") = "stardict-update-info-plugin", "stardict-update-info-plugin.vcproj", "{8DF3871C-B32C-4CD9-ABBE-31773D23ABC8}"
EndProject
Project("{8BC9CEB8-8B4A-11D0-8D11-00A0C91BC942}") = "stardict-wiki-parsedata-plugin", "stardict-wiki-parsedata-plugin.vcproj", "{7A1D210B-93E3-41E7-89AC-26B76B15DD61}"
EndProject
Project("{8BC9CEB8-8B4A-11D0-8D11-00A0C91BC942}") = "stardict-wordnet_parsedata-plugin", "stardict-wordnet_parsedata-plugin.vcproj", "{F6D2B82D-8736-4601-B4E2-E4B5D8EB865D}"
EndProject
Project("{8BC9CEB8-8B4A-11D0-8D11-00A0C91BC942}") = "stardict-wordnet-plugin", "stardict-wordnet-plugin.vcproj", "{88F58D89-E6EE-4413-8410-6CFD88AD430A}"
EndProject
Project("{8BC9CEB8-8B4A-11D0-8D11-00A0C91BC942}") = "stardict-xdxf-parsedata-plugin", "stardict-xdxf-parsedata-plugin.vcproj", "{6172EB6A-432C-4858-A848-308C9B15F8BF}"
EndProject
Project("{8BC9CEB8-8B4A-11D0-8D11-00A0C91BC942}") = "stardict", "stardict.vcproj", "{A7776EE3-84FC-48A7-87AE-E67CACC3C8E9}"
	ProjectSection(ProjectDependencies) = postProject
		{9A00DC58-3417-43D9-BE37-8B613CD6F588} = {9A00DC58-3417-43D9-BE37-8B613CD6F588}
		{0D4B4FD1-CB47-4704-921B-37C6DD8B9F7A} = {0D4B4FD1-CB47-4704-921B-37C6DD8B9F7A}
	EndProjectSection
EndProject
Project("{8BC9CEB8-8B4A-11D0-8D11-00A0C91BC942}") = "stardict-editor", "stardict-editor.vcproj", "{2B9D77C6-44C1-4843-BFA8-A9D63F5AB09B}"
	ProjectSection(ProjectDependencies) = postProject
		{0D4B4FD1-CB47-4704-921B-37C6DD8B9F7A} = {0D4B4FD1-CB47-4704-921B-37C6DD8B9F7A}
	EndProjectSection
EndProject
Project("{8BC9CEB8-8B4A-11D0-8D11-00A0C91BC942}") = "stardict-loader", "stardict-loader.vcproj", "{FE51B1FA-5C6C-4B2A-A99B-00D94A541BF3}"
EndProject
Project("{8BC9CEB8-8B4A-11D0-8D11-00A0C91BC942}") = "stardict-editor-loader", "stardict-editor-loader.vcproj", "{53D12AF9-64D9-4BCE-8E7F-73F9E48DCA64}"
EndProject
Project("{8BC9CEB8-8B4A-11D0-8D11-00A0C91BC942}") = "common-lib", "common-lib.vcproj", "{0D4B4FD1-CB47-4704-921B-37C6DD8B9F7A}"
EndProject
Global
	GlobalSection(SolutionConfigurationPlatforms) = preSolution
		Debug|Win32 = Debug|Win32
		Release|Win32 = Release|Win32
	EndGlobalSection
	GlobalSection(ProjectConfigurationPlatforms) = postSolution
		{A446E90E-B0A0-428E-A20F-B9BB16AA1081}.Debug|Win32.ActiveCfg = Debug|Win32
		{A446E90E-B0A0-428E-A20F-B9BB16AA1081}.Debug|Win32.Build.0 = Debug|Win32
		{A446E90E-B0A0-428E-A20F-B9BB16AA1081}.Release|Win32.ActiveCfg = Release|Win32
		{A446E90E-B0A0-428E-A20F-B9BB16AA1081}.Release|Win32.Build.0 = Release|Win32
		{499E55F2-F913-4779-9910-630D76657A8B}.Debug|Win32.ActiveCfg = Debug|Win32
		{499E55F2-F913-4779-9910-630D76657A8B}.Debug|Win32.Build.0 = Debug|Win32
		{499E55F2-F913-4779-9910-630D76657A8B}.Release|Win32.ActiveCfg = Release|Win32
		{499E55F2-F913-4779-9910-630D76657A8B}.Release|Win32.Build.0 = Release|Win32
		{92275426-815E-464B-B804-F07CB4863038}.Debug|Win32.ActiveCfg = Debug|Win32
		{92275426-815E-464B-B804-F07CB4863038}.Debug|Win32.Build.0 = Debug|Win32
		{92275426-815E-464B-B804-F07CB4863038}.Release|Win32.ActiveCfg = Release|Win32
		{92275426-815E-464B-B804-F07CB4863038}.Release|Win32.Build.0 = Release|Win32
		{4D1CF3E1-5E34-44C6-8EC4-5E1AF2A121B7}.Debug|Win32.ActiveCfg = Debug|Win32
		{4D1CF3E1-5E34-44C6-8EC4-5E1AF2A121B7}.Debug|Win32.Build.0 = Debug|Win32
		{4D1CF3E1-5E34-44C6-8EC4-5E1AF2A121B7}.Release|Win32.ActiveCfg = Release|Win32
		{4D1CF3E1-5E34-44C6-8EC4-5E1AF2A121B7}.Release|Win32.Build.0 = Release|Win32
		{9A00DC58-3417-43D9-BE37-8B613CD6F588}.Debug|Win32.ActiveCfg = Debug|Win32
		{9A00DC58-3417-43D9-BE37-8B613CD6F588}.Debug|Win32.Build.0 = Debug|Win32
		{9A00DC58-3417-43D9-BE37-8B613CD6F588}.Release|Win32.ActiveCfg = Release|Win32
		{9A00DC58-3417-43D9-BE37-8B613CD6F588}.Release|Win32.Build.0 = Release|Win32
		{315C8DBB-63B5-472A-8943-B21ED509CE01}.Debug|Win32.ActiveCfg = Debug|Win32
		{315C8DBB-63B5-472A-8943-B21ED509CE01}.Debug|Win32.Build.0 = Debug|Win32
		{315C8DBB-63B5-472A-8943-B21ED509CE01}.Release|Win32.ActiveCfg = Release|Win32
		{315C8DBB-63B5-472A-8943-B21ED509CE01}.Release|Win32.Build.0 = Release|Win32
		{42D3AB67-B250-4BAE-B909-4DD550BC74B5}.Debug|Win32.ActiveCfg = Debug|Win32
		{42D3AB67-B250-4BAE-B909-4DD550BC74B5}.Debug|Win32.Build.0 = Debug|Win32
		{42D3AB67-B250-4BAE-B909-4DD550BC74B5}.Release|Win32.ActiveCfg = Release|Win32
		{42D3AB67-B250-4BAE-B909-4DD550BC74B5}.Release|Win32.Build.0 = Release|Win32
		{56BCFBD8-EB13-47B4-98DE-387A7F31F11B}.Debug|Win32.ActiveCfg = Debug|Win32
		{56BCFBD8-EB13-47B4-98DE-387A7F31F11B}.Debug|Win32.Build.0 = Debug|Win32
		{56BCFBD8-EB13-47B4-98DE-387A7F31F11B}.Release|Win32.ActiveCfg = Release|Win32
		{56BCFBD8-EB13-47B4-98DE-387A7F31F11B}.Release|Win32.Build.0 = Release|Win32
		{73609C3E-3265-4B12-9B23-36703ECF5577}.Debug|Win32.ActiveCfg = Debug|Win32
		{73609C3E-3265-4B12-9B23-36703ECF5577}.Debug|Win32.Build.0 = Debug|Win32
		{73609C3E-3265-4B12-9B23-36703ECF5577}.Release|Win32.ActiveCfg = Release|Win32
		{73609C3E-3265-4B12-9B23-36703ECF5577}.Release|Win32.Build.0 = Release|Win32
		{D64728EB-02DD-4B53-8587-5C8BD81024A3}.Debug|Win32.ActiveCfg = Debug|Win32
		{D64728EB-02DD-4B53-8587-5C8BD81024A3}.Debug|Win32.Build.0 = Debug|Win32
		{D64728EB-02DD-4B53-8587-5C8BD81024A3}.Release|Win32.ActiveCfg = Release|Win32
		{D64728EB-02DD-4B53-8587-5C8BD81024A3}.Release|Win32.Build.0 = Release|Win32
		{8DF3871C-B32C-4CD9-ABBE-31773D23ABC8}.Debug|Win32.ActiveCfg = Debug|Win32
		{8DF3871C-B32C-4CD9-ABBE-31773D23ABC8}.Debug|Win32.Build.0 = Debug|Win32
		{8DF3871C-B32C-4CD9-ABBE-31773D23ABC8}.Release|Win32.ActiveCfg = Release|Win32
		{8DF3871C-B32C-4CD9-ABBE-31773D23ABC8}.Release|Win32.Build.0 = Release|Win32
		{7A1D210B-93E3-41E7-89AC-26B76B15DD61}.Debug|Win32.ActiveCfg = Debug|Win32
		{7A1D210B-93E3-41E7-89AC-26B76B15DD61}.Debug|Win32.Build.0 = Debug|Win32
		{7A1D210B-93E3-41E7-89AC-26B76B15DD61}.Release|Win32.ActiveCfg = Release|Win32
		{7A1D210B-93E3-41E7-89AC-26B76B15DD61}.Release|Win32.Build.0 = Release|Win32
		{F6D2B82D-8736-4601-B4E2-E4B5D8EB865D}.Debug|Win32.ActiveCfg = Debug|Win32
		{F6D2B82D-8736-4601-B4E2-E4B5D8EB865D}.Debug|Win32.Build.0 = Debug|Win32
		{F6D2B82D-8736-4601-B4E2-E4B5D8EB865D}.Release|Win32.ActiveCfg = Release|Win32
		{F6D2B82D-8736-4601-B4E2-E4B5D8EB865D}.Release|Win32.Build.0 = Release|Win32
		{88F58D89-E6EE-4413-8410-6CFD88AD430A}.Debug|Win32.ActiveCfg = Debug|Win32
		{88F58D89-E6EE-4413-8410-6CFD88AD430A}.Debug|Win32.Build.0 = Debug|Win32
		{88F58D89-E6EE-4413-8410-6CFD88AD430A}.Release|Win32.ActiveCfg = Release|Win32
		{88F58D89-E6EE-4413-8410-6CFD88AD430A}.Release|Win32.Build.0 = Release|Win32
		{6172EB6A-432C-4858-A848-308C9B15F8BF}.Debug|Win32.ActiveCfg = Debug|Win32
		{6172EB6A-432C-4858-A848-308C9B15F8BF}.Debug|Win32.Build.0 = Debug|Win32
		{6172EB6A-432C-4858-A848-308C9B15F8BF}.Release|Win32.ActiveCfg = Release|Win32
		{6172EB6A-432C-4858-A848-308C9B15F8BF}.Release|Win32.Build.0 = Release|Win32
		{A7776EE3-84FC-48A7-87AE-E67CACC3C8E9}.Debug|Win32.ActiveCfg = Debug|Win32
		{A7776EE3-84FC-48A7-87AE-E67CACC3C8E9}.Debug|Win32.Build.0 = Debug|Win32
		{A7776EE3-84FC-48A7-87AE-E67CACC3C8E9}.Release|Win32.ActiveCfg = Release|Win32
		{A7776EE3-84FC-48A7-87AE-E67CACC3C8E9}.Release|Win32.Build.0 = Release|Win32
		{2B9D77C6-44C1-4843-BFA8-A9D63F5AB09B}.Debug|Win32.ActiveCfg = Debug|Win32
		{2B9D77C6-44C1-4843-BFA8-A9D63F5AB09B}.Debug|Win32.Build.0 = Debug|Win32
		{2B9D77C6-44C1-4843-BFA8-A9D63F5AB09B}.Release|Win32.ActiveCfg = Release|Win32
		{2B9D77C6-44C1-4843-BFA8-A9D63F5AB09B}.Release|Win32.Build.0 = Release|Win32
		{FE51B1FA-5C6C-4B2A-A99B-00D94A541BF3}.Debug|Win32.ActiveCfg = Debug|Win32
		{FE51B1FA-5C6C-4B2A-A99B-00D94A541BF3}.Debug|Win32.Build.0 = Debug|Win32
		{FE51B1FA-5C6C-4B2A-A99B-00D94A541BF3}.Release|Win32.ActiveCfg = Release|Win32
		{FE51B1FA-5C6C-4B2A-A99B-00D94A541BF3}.Release|Win32.Build.0 = Release|Win32
		{53D12AF9-64D9-4BCE-8E7F-73F9E48DCA64}.Debug|Win32.ActiveCfg = Debug|Win32
		{53D12AF9-64D9-4BCE-8E7F-73F9E48DCA64}.Debug|Win32.Build.0 = Debug|Win32
		{53D12AF9-64D9-4BCE-8E7F-73F9E48DCA64}.Release|Win32.ActiveCfg = Release|Win32
		{53D12AF9-64D9-4BCE-8E7F-73F9E48DCA64}.Release|Win32.Build.0 = Release|Win32
		{0D4B4FD1-CB47-4704-921B-37C6DD8B9F7A}.Debug|Win32.ActiveCfg = Debug|Win32
		{0D4B4FD1-CB47-4704-921B-37C6DD8B9F7A}.Debug|Win32.Build.0 = Debug|Win32
		{0D4B4FD1-CB47-4704-921B-37C6DD8B9F7A}.Release|Win32.ActiveCfg = Release|Win32
		{0D4B4FD1-CB47-4704-921B-37C6DD8B9F7A}.Release|Win32.Build.0 = Release|Win32
	EndGlobalSection
	GlobalSection(SolutionProperties) = preSolution
		HideSolutionNode = FALSE
	EndGlobalSection
	GlobalSection(NestedProjects) = preSolution
		{42D3AB67-B250-4BAE-B909-4DD550BC74B5} = {6BED5DB9-286D-4835-8513-454598698915}
		{56BCFBD8-EB13-47B4-98DE-387A7F31F11B} = {6BED5DB9-286D-4835-8513-454598698915}
		{73609C3E-3265-4B12-9B23-36703ECF5577} = {6BED5DB9-286D-4835-8513-454598698915}
		{D64728EB-02DD-4B53-8587-5C8BD81024A3} = {6BED5DB9-286D-4835-8513-454598698915}
		{8DF3871C-B32C-4CD9-ABBE-31773D23ABC8} = {6BED5DB9-286D-4835-8513-454598698915}
		{7A1D210B-93E3-41E7-89AC-26B76B15DD61} = {6BED5DB9-286D-4835-8513-454598698915}
		{F6D2B82D-8736-4601-B4E2-E4B5D8EB865D} = {6BED5DB9-286D-4835-8513-454598698915}
		{88F58D89-E6EE-4413-8410-6CFD88AD430A} = {6BED5DB9-286D-4835-8513-454598698915}
		{6172EB6A-432C-4858-A848-308C9B15F8BF} = {6BED5DB9-286D-4835-8513-454598698915}
		{4D1CF3E1-5E34-44C6-8EC4-5E1AF2A121B7} = {BDEC6861-1F59-486B-B5DD-32BE5947D832}
		{315C8DBB-63B5-472A-8943-B21ED509CE01} = {6BED5DB9-286D-4835-8513-454598698915}
		{2B9D77C6-44C1-4843-BFA8-A9D63F5AB09B} = {899724E3-4D0B-4D37-B6D0-78B1CBDB5A02}
		{53D12AF9-64D9-4BCE-8E7F-73F9E48DCA64} = {899724E3-4D0B-4D37-B6D0-78B1CBDB5A02}
	EndGlobalSection
EndGlobal
